
Microsoft Visual Studio Solution File, Format Version 12.00
# Visual Studio Version 17
VisualStudioVersion = 17.1.32328.378
MinimumVisualStudioVersion = 10.0.40219.1
Project("{FAE04EC0-301F-11D3-BF4B-00C04F79EFBC}") = "ExercFile", "ExercFile\ExercFile.csproj", "{A27F718C-1E11-42BF-ACD3-0D4C75C37146}"
EndProject
Global
	GlobalSection(SolutionConfigurationPlatforms) = preSolution
		Debug|Any CPU = Debug|Any CPU
		Release|Any CPU = Release|Any CPU
	EndGlobalSection
	GlobalSection(ProjectConfigurationPlatforms) = postSolution
		{A27F718C-1E11-42BF-ACD3-0D4C75C37146}.Debug|Any CPU.ActiveCfg = Debug|Any CPU
		{A27F718C-1E11-42BF-ACD3-0D4C75C37146}.Debug|Any CPU.Build.0 = Debug|Any CPU
		{A27F718C-1E11-42BF-ACD3-0D4C75C37146}.Release|Any CPU.ActiveCfg = Release|Any CPU
		{A27F718C-1E11-42BF-ACD3-0D4C75C37146}.Release|Any CPU.Build.0 = Release|Any CPU
	EndGlobalSection
	GlobalSection(SolutionProperties) = preSolution
		HideSolutionNode = FALSE
	EndGlobalSection
	GlobalSection(ExtensibilityGlobals) = postSolution
		SolutionGuid = {7A1CCB97-75E0-4C36-8CB6-C41F2A8750A8}
	EndGlobalSection
EndGlobal
